version = 1
revision = 3
requires-python = ">=3.11"

[[package]]
name = "clang-format"
version = "22.1.4"
source = { registry = "https://pypi.org/simple" }
sdist = { url = "https://files.pythonhosted.org/packages/ad/5b/f5340d83571a1d143482a05e795d9257b93ca5c834000a04bfc554cbd27b/clang_format-22.1.4.tar.gz", hash = "sha256:f323ab7524ee01120fa6f09ec863fda6d1f487ed43829e04b675f6bfcd9962fb", size = 11509, upload-time = "2026-04-21T18:33:27.695Z" }
wheels = [
    { url = "https://files.pythonhosted.org/packages/45/69/0de8f71b9e06a1a1d5ef2509bb0e11a5806c0f6fdb81073b3ccb7a5d46ae/clang_format-22.1.4-py2.py3-none-macosx_10_9_x86_64.whl", hash = "sha256:02f25e66efa2641d888a5ae1480db41103e3cb817be698bc30cee5f759a242b9", size = 1492647, upload-time = "2026-04-21T18:32:57.618Z" },
    { url = "https://files.pythonhosted.org/packages/65/ef/f18b9b84f44ae0f6d98994643b36558c22139f744a784a1614c9a45f26f4/clang_format-22.1.4-py2.py3-none-macosx_11_0_arm64.whl", hash = "sha256:68ba07b0887e4757e15660d94bd60bd51bfdb4393471c181806319020da995b1", size = 1478950, upload-time = "2026-04-21T18:32:59.382Z" },
    { url = "https://files.pythonhosted.org/packages/e9/9b/9f455804d85fe001cdadceed6bfff00af47f082da2facba6cfd9e41e1aa7/clang_format-22.1.4-py2.py3-none-manylinux_2_26_aarch64.manylinux_2_28_aarch64.whl", hash = "sha256:8ef5acb06c1c0556dbdf2827eb21b70dc4225b474b179f81744cc7b305ae8dbd", size = 1757744, upload-time = "2026-04-21T18:33:01.18Z" },
    { url = "https://files.pythonhosted.org/packages/82/2f/e9547ce090c96d3480a9013edea4d3e5819b7453be5e778ede4ae4703bf6/clang_format-22.1.4-py2.py3-none-manylinux_2_26_i686.manylinux_2_28_i686.whl", hash = "sha256:6074708c4aca3935fcc2d933bb8bd6e74c5521b46ff2db22474983b04c20425d", size = 1888781, upload-time = "2026-04-21T18:33:03.122Z" },
    { url = "https://files.pythonhosted.org/packages/ad/b2/b27ef287b3dfcdb3987584d66a7550a75dd51099b477e70387cf8b865508/clang_format-22.1.4-py2.py3-none-manylinux_2_26_ppc64le.manylinux_2_28_ppc64le.whl", hash = "sha256:451e214f5125eb1db7ada239cf4b85cd85d18787eeb382e0a890f3822d808cc2", size = 2070322, upload-time = "2026-04-21T18:33:04.798Z" },
    { url = "https://files.pythonhosted.org/packages/6f/8e/0b792d49f856a61dcb29eea69c6330f7e817882c113cb3908cff3acad708/clang_format-22.1.4-py2.py3-none-manylinux_2_26_s390x.manylinux_2_28_s390x.whl", hash = "sha256:eda6e1927ca0e87fd4b76941ce5d70ba9fea9d9a0a1c3ac7bd81f0cd38c22bf6", size = 2101882, upload-time = "2026-04-21T18:33:06.358Z" },
    { url = "https://files.pythonhosted.org/packages/b6/c9/6da08737bf8efe5ae036bae1c659d6673e74f03ac1169fa31a5beb50a90b/clang_format-22.1.4-py2.py3-none-manylinux_2_27_x86_64.manylinux_2_28_x86_64.whl", hash = "sha256:9e1c6e5c2db317e04e4b37831e6645f049a7a3272637298dea6cb0b063af4f5f", size = 1841128, upload-time = "2026-04-21T18:33:08.033Z" },
    { url = "https://files.pythonhosted.org/packages/46/2e/1b9c59ab6a0d39dedd3d0565fc8eebee5aef6ff979ab27fa4b847f673723/clang_format-22.1.4-py2.py3-none-manylinux_2_31_armv7l.whl", hash = "sha256:ae8b8a550824fe100fb70c25fa7c83f81ab8b18e9ce405f34bf7d8d24babdc35", size = 1684880, upload-time = "2026-04-21T18:33:09.861Z" },
    { url = "https://files.pythonhosted.org/packages/ac/44/d90d6494d11a26519236a72dc6110fc2d65338c58c9a063929299092399b/clang_format-22.1.4-py2.py3-none-musllinux_1_2_aarch64.whl", hash = "sha256:66e9d3d0300181f2ba5ec978a67c6387b7b2ce40aa6dfcbf554008b190fdedb9", size = 2735320, upload-time = "2026-04-21T18:33:12.046Z" },
    { url = "https://files.pythonhosted.org/packages/34/b0/45f5286d28770d930dac137418262778daee2ece6ca3000ce4df7592a897/clang_format-22.1.4-py2.py3-none-musllinux_1_2_armv7l.whl", hash = "sha256:a61bb15b908f7b5e258b066c82384c42e6dec29087843a34cb31cf5d5cc45cc3", size = 2514904, upload-time = "2026-04-21T18:33:14.011Z" },
    { url = "https://files.pythonhosted.org/packages/a3/2f/991656f53a4aaa3ca757332eee2bf5d0d833dbedbe1b9c1756b65634819a/clang_format-22.1.4-py2.py3-none-musllinux_1_2_i686.whl", hash = "sha256:ab474acdc4e67b3592b87dd7f4e47930dee0fad2157d768d00579b6336d4cfeb", size = 2985915, upload-time = "2026-04-21T18:33:15.676Z" },
    { url = "https://files.pythonhosted.org/packages/03/2e/90c7fc02235b3671b56f247603ff9fc1e9a784591dcc8c42681a3d000757/clang_format-22.1.4-py2.py3-none-musllinux_1_2_ppc64le.whl", hash = "sha256:c34080906726500d0b6241d5babcd76e4c5499e76d02a93fbff0b979f8578c44", size = 3119157, upload-time = "2026-04-21T18:33:17.41Z" },
    { url = "https://files.pythonhosted.org/packages/a3/d2/8ba37872782f34e0eb1364f636a75ed31e8683e0a72f608913481ad257b7/clang_format-22.1.4-py2.py3-none-musllinux_1_2_s390x.whl", hash = "sha256:98aa8850ee0a1b4d8cb88b6471f8cd4fdb5a40981cecacb4f8ab015be5784e75", size = 3217256, upload-time = "2026-04-21T18:33:19.102Z" },
    { url = "https://files.pythonhosted.org/packages/a8/b2/5d159f4520b3c92c3c562fb626edd0309470e2a24fe305cd70ede62b3365/clang_format-22.1.4-py2.py3-none-musllinux_1_2_x86_64.whl", hash = "sha256:103a5ce901248a9bf97edac12189c628c6b3148dca885b9fe9fc1fc06179fb34", size = 2848323, upload-time = "2026-04-21T18:33:20.85Z" },
    { url = "https://files.pythonhosted.org/packages/da/04/d5fc1ba7d6fc437eb6d818e70882c6b4b6e63fc6827eaa09359ecaa7c5a1/clang_format-22.1.4-py2.py3-none-win32.whl", hash = "sha256:2281371d2008b7745a0d434be0edcc6529393a4c35fc28a41722f11cc44aa289", size = 1299425, upload-time = "2026-04-21T18:33:22.829Z" },
    { url = "https://files.pythonhosted.org/packages/4d/e4/7beeae56045ede41470f369079a28d59a71d88f74ccac01267edfbeb9999/clang_format-22.1.4-py2.py3-none-win_amd64.whl", hash = "sha256:cdc110e41ab8caee24207cc96a49523a5b9339b3ddb66386b66580949d7e8626", size = 1460372, upload-time = "2026-04-21T18:33:24.397Z" },
    { url = "https://files.pythonhosted.org/packages/3a/36/1ea815770ed1e03ba9de46901b58c2d34aae2667d526cf027cf85c7dd82a/clang_format-22.1.4-py2.py3-none-win_arm64.whl", hash = "sha256:b927c8aa664eb8ee86ca60e16fdc75fb297a1de6ed6a166ea115715fc4432f6f", size = 1344944, upload-time = "2026-04-21T18:33:25.996Z" },
]

[[package]]
name = "clang-tidy"
version = "22.1.0.1"
source = { registry = "https://pypi.org/simple" }
sdist = { url = "https://files.pythonhosted.org/packages/49/10/40a7328ed7903ee52d2f23ba033fb1147b1ed2f5ccbdef893d44d639aac8/clang_tidy-22.1.0.1.tar.gz", hash = "sha256:acc00c84a8f4d17d6c07697551fae9ed549f41dd54433d842f830e1e0d15e64e", size = 11359, upload-time = "2026-03-30T09:22:22.681Z" }
wheels = [
    { url = "https://files.pythonhosted.org/packages/be/f2/3c3614a4004c4d12b5310648ba13e19342b38c32d919569f6523a136f422/clang_tidy-22.1.0.1-py2.py3-none-macosx_10_9_x86_64.whl", hash = "sha256:b84ce0e74c9d2ce486c48b2362f7a94135435deb77e88a3a162bc7dbd8a29c32", size = 30220748, upload-time = "2026-03-30T09:21:37.841Z" },
    { url = "https://files.pythonhosted.org/packages/c3/ff/a8f501f2a9dc65e698b914c65a90a4235fe08d4159ecf88036f39a3e6d66/clang_tidy-22.1.0.1-py2.py3-none-macosx_11_0_arm64.whl", hash = "sha256:6449aa689ecca34bf12159194fa82d0fe90a2766398065b00cf8743c4176bd20", size = 29312847, upload-time = "2026-03-30T09:21:41.454Z" },
    { url = "https://files.pythonhosted.org/packages/88/91/0d0d7fcc11c8d26207f4d9628032a6fc5f93c365c78a3f2224e291cfe5c6/clang_tidy-22.1.0.1-py2.py3-none-manylinux_2_26_aarch64.manylinux_2_28_aarch64.whl", hash = "sha256:f6c9fd547af8cd78961ccc42bdf4ebfa8e8ee1a7091ab1ea18f8756ac974082d", size = 40361601, upload-time = "2026-03-30T09:21:45.181Z" },
    { url = "https://files.pythonhosted.org/packages/5b/03/5019fb4b675d06058149b551133598d52b16d63799a2616bc4c11d15653f/clang_tidy-22.1.0.1-py2.py3-none-manylinux_2_27_x86_64.manylinux_2_28_x86_64.whl", hash = "sha256:147f65292ef4bc27642bc4fe7330c47ff2eb7687eedf29ce2600b202f8cd54b6", size = 42210672, upload-time = "2026-03-30T09:21:49.579Z" },
    { url = "https://files.pythonhosted.org/packages/87/18/1363b03517a6bd6dd931bba1206f2a0e7c9ac1c20877a9ac14e57e70da14/clang_tidy-22.1.0.1-py2.py3-none-manylinux_2_28_i686.whl", hash = "sha256:0ed693762a926668460bb757dfee1a3bb66645641041f5f5d0f65c3b8720f7c0", size = 47699477, upload-time = "2026-03-30T09:21:54.081Z" },
    { url = "https://files.pythonhosted.org/packages/3d/44/bff82b4e2163b7786db6af2074ed86bee9f840ff09c761d82a31afdb5ad6/clang_tidy-22.1.0.1-py2.py3-none-manylinux_2_31_armv7l.whl", hash = "sha256:d947a8f7419e56704b895343c385fc201a063e43c2f042f859ee1088987b78d9", size = 38806108, upload-time = "2026-03-30T09:21:58.465Z" },
    { url = "https://files.pythonhosted.org/packages/6b/56/6e912f4f960ead713338b777b1b680021f90ebdd04956354244569a059a9/clang_tidy-22.1.0.1-py2.py3-none-musllinux_1_2_armv7l.whl", hash = "sha256:f596bbb6295ac787f351825b36a7117762a1d82cc0bcdff25623580b7d90145b", size = 39643741, upload-time = "2026-03-30T09:22:02.799Z" },
    { url = "https://files.pythonhosted.org/packages/8e/b0/3e4c6f727b6c948d7a34afd8f974b27788aaeba22a1adc9b1bedb5129028/clang_tidy-22.1.0.1-py2.py3-none-musllinux_1_2_i686.whl", hash = "sha256:87966492e4b045961a35a65b1e8efe2e4e41bda3226860a00b3b15bd58d2b743", size = 49881724, upload-time = "2026-03-30T09:22:07.487Z" },
    { url = "https://files.pythonhosted.org/packages/99/42/d4dd4ea3d2ba9fe67aea759baea9af1ef8a0ad3879ed6dc82a073df14e3b/clang_tidy-22.1.0.1-py2.py3-none-musllinux_1_2_x86_64.whl", hash = "sha256:bac1ab448c68022d599fba92962425c87c10f2006da45f996ce8e5cc8c51401e", size = 44841619, upload-time = "2026-03-30T09:22:12.809Z" },
    { url = "https://files.pythonhosted.org/packages/e6/97/828cbb65ea46ee6a17c6869bcf91a1aa012eef1bfedbb554526868ab13c8/clang_tidy-22.1.0.1-py2.py3-none-win32.whl", hash = "sha256:9a7b3ff81098fdd9ee484f6bc861599c40b138670ebc57778afc7a8c6891d713", size = 22235387, upload-time = "2026-03-30T09:22:16.386Z" },
    { url = "https://files.pythonhosted.org/packages/f6/5b/b5e5a286ff06111158f769892c56bf811806bd4d4d5aba93960b9c835e31/clang_tidy-22.1.0.1-py2.py3-none-win_amd64.whl", hash = "sha256:e9f1e762afe3f5f3511ca7f50132d4d6d5c58a3f6760089ed45d2b3506cf7d07", size = 25140458, upload-time = "2026-03-30T09:22:20.31Z" },
]

[[package]]
name = "games-esphome"
version = "0.1.0"
source = { virtual = "." }

[package.dev-dependencies]
dev = [
    { name = "clang-format" },
    { name = "clang-tidy" },
    { name = "ruff" },
]

[package.metadata]

[package.metadata.requires-dev]
dev = [
    { name = "clang-format", specifier = ">=22.1.4" },
    { name = "clang-tidy", specifier = ">=22.1.0.1" },
    { name = "ruff", specifier = ">=0.15.11" },
]

[[package]]
name = "ruff"
version = "0.15.11"
source = { registry = "https://pypi.org/simple" }
sdist = { url = "https://files.pythonhosted.org/packages/e4/8d/192f3d7103816158dfd5ea50d098ef2aec19194e6cbccd4b3485bdb2eb2d/ruff-0.15.11.tar.gz", hash = "sha256:f092b21708bf0e7437ce9ada249dfe688ff9a0954fc94abab05dcea7dcd29c33", size = 4637264, upload-time = "2026-04-16T18:46:26.58Z" }
wheels = [
    { url = "https://files.pythonhosted.org/packages/02/1e/6aca3427f751295ab011828e15e9bf452200ac74484f1db4be0197b8170b/ruff-0.15.11-py3-none-linux_armv6l.whl", hash = "sha256:e927cfff503135c558eb581a0c9792264aae9507904eb27809cdcff2f2c847b7", size = 10607943, upload-time = "2026-04-16T18:46:05.967Z" },
    { url = "https://files.pythonhosted.org/packages/e7/26/1341c262e74f36d4e84f3d6f4df0ac68cd53331a66bfc5080daa17c84c0b/ruff-0.15.11-py3-none-macosx_10_12_x86_64.whl", hash = "sha256:7a1b5b2938d8f890b76084d4fa843604d787a912541eae85fd7e233398bbb73e", size = 10988592, upload-time = "2026-04-16T18:46:00.742Z" },
    { url = "https://files.pythonhosted.org/packages/03/71/850b1d6ffa9564fbb6740429bad53df1094082fe515c8c1e74b6d8d05f18/ruff-0.15.11-py3-none-macosx_11_0_arm64.whl", hash = "sha256:d4176f3d194afbdaee6e41b9ccb1a2c287dba8700047df474abfbe773825d1cb", size = 10338501, upload-time = "2026-04-16T18:46:03.723Z" },
    { url = "https://files.pythonhosted.org/packages/f2/11/cc1284d3e298c45a817a6aadb6c3e1d70b45c9b36d8d9cce3387b495a03a/ruff-0.15.11-py3-none-manylinux_2_17_aarch64.manylinux2014_aarch64.whl", hash = "sha256:3b17c886fb88203ced3afe7f14e8d5ae96e9d2f4ccc0ee66aa19f2c2675a27e4", size = 10670693, upload-time = "2026-04-16T18:46:41.941Z" },
    { url = "https://files.pythonhosted.org/packages/ce/9e/f8288b034ab72b371513c13f9a41d9ba3effac54e24bfb467b007daee2ca/ruff-0.15.11-py3-none-manylinux_2_17_armv7l.manylinux2014_armv7l.whl", hash = "sha256:49fafa220220afe7758a487b048de4c8f9f767f37dfefad46b9dd06759d003eb", size = 10416177, upload-time = "2026-04-16T18:46:21.717Z" },
    { url = "https://files.pythonhosted.org/packages/85/71/504d79abfd3d92532ba6bbe3d1c19fada03e494332a59e37c7c2dabae427/ruff-0.15.11-py3-none-manylinux_2_17_i686.manylinux2014_i686.whl", hash = "sha256:f2ab8427e74a00d93b8bda1307b1e60970d40f304af38bccb218e056c220120d", size = 11221886, upload-time = "2026-04-16T18:46:15.086Z" },
    { url = "https://files.pythonhosted.org/packages/43/5a/947e6ab7a5ad603d65b474be15a4cbc6d29832db5d762cd142e4e3a74164/ruff-0.15.11-py3-none-manylinux_2_17_ppc64le.manylinux2014_ppc64le.whl", hash = "sha256:195072c0c8e1fc8f940652073df082e37a5d9cb43b4ab1e4d0566ab8977a13b7", size = 12075183, upload-time = "2026-04-16T18:46:07.944Z" },
    { url = "https://files.pythonhosted.org/packages/9f/a1/0b7bb6268775fdd3a0818aee8efd8f5b4e231d24dd4d528ced2534023182/ruff-0.15.11-py3-none-manylinux_2_17_s390x.manylinux2014_s390x.whl", hash = "sha256:a3a0996d486af3920dec930a2e7daed4847dfc12649b537a9335585ada163e9e", size = 11516575, upload-time = "2026-04-16T18:46:31.687Z" },
    { url = "https://files.pythonhosted.org/packages/30/c3/bb5168fc4d233cc06e95f482770d0f3c87945a0cd9f614b90ea8dc2f2833/ruff-0.15.11-py3-none-manylinux_2_17_x86_64.manylinux2014_x86_64.whl", hash = "sha256:1bef2cb556d509259f1fe440bb9cd33c756222cf0a7afe90d15edf0866702431", size = 11306537, upload-time = "2026-04-16T18:46:36.988Z" },
    { url = "https://files.pythonhosted.org/packages/e4/92/4cfae6441f3967317946f3b788136eecf093729b94d6561f963ed810c82e/ruff-0.15.11-py3-none-manylinux_2_31_riscv64.whl", hash = "sha256:030d921a836d7d4a12cf6e8d984a88b66094ccb0e0f17ddd55067c331191bf19", size = 11296813, upload-time = "2026-04-16T18:46:24.182Z" },
    { url = "https://files.pythonhosted.org/packages/43/26/972784c5dde8313acde8ac71ba8ac65475b85db4a2352a76c9934361f9bc/ruff-0.15.11-py3-none-musllinux_1_2_aarch64.whl", hash = "sha256:0e783b599b4577788dbbb66b9addcef87e9a8832f4ce0c19e34bf55543a2f890", size = 10633136, upload-time = "2026-04-16T18:46:39.802Z" },
    { url = "https://files.pythonhosted.org/packages/5b/53/3985a4f185020c2f367f2e08a103032e12564829742a1b417980ce1514a0/ruff-0.15.11-py3-none-musllinux_1_2_armv7l.whl", hash = "sha256:ae90592246625ba4a34349d68ec28d4400d75182b71baa196ddb9f82db025ef5", size = 10424701, upload-time = "2026-04-16T18:46:10.381Z" },
    { url = "https://files.pythonhosted.org/packages/d3/57/bf0dfb32241b56c83bb663a826133da4bf17f682ba8c096973065f6e6a68/ruff-0.15.11-py3-none-musllinux_1_2_i686.whl", hash = "sha256:1f111d62e3c983ed20e0ca2e800f8d77433a5b1161947df99a5c2a3fb60514f0", size = 10873887, upload-time = "2026-04-16T18:46:29.157Z" },
    { url = "https://files.pythonhosted.org/packages/02/05/e48076b2a57dc33ee8c7a957296f97c744ca891a8ffb4ffb1aaa3b3f517d/ruff-0.15.11-py3-none-musllinux_1_2_x86_64.whl", hash = "sha256:06f483d6646f59eaffba9ae30956370d3a886625f511a3108994000480621d1c", size = 11404316, upload-time = "2026-04-16T18:46:19.462Z" },
    { url = "https://files.pythonhosted.org/packages/88/27/0195d15fe7a897cbcba0904792c4b7c9fdd958456c3a17d2ea6093716a9a/ruff-0.15.11-py3-none-win32.whl", hash = "sha256:476a2aa56b7da0b73a3ee80b6b2f0e19cce544245479adde7baa65466664d5f3", size = 10655535, upload-time = "2026-04-16T18:46:12.47Z" },
    { url = "https://files.pythonhosted.org/packages/3a/5e/c927b325bd4c1d3620211a4b96f47864633199feed60fa936025ab27e090/ruff-0.15.11-py3-none-win_amd64.whl", hash = "sha256:8b6756d88d7e234fb0c98c91511aae3cd519d5e3ed271cae31b20f39cb2a12a3", size = 11779692, upload-time = "2026-04-16T18:46:17.268Z" },
    { url = "https://files.pythonhosted.org/packages/63/b6/aeadee5443e49baa2facd51131159fd6301cc4ccfc1541e4df7b021c37dd/ruff-0.15.11-py3-none-win_arm64.whl", hash = "sha256:063fed18cc1bbe0ee7393957284a6fe8b588c6a406a285af3ee3f46da2391ee4", size = 11032614, upload-time = "2026-04-16T18:46:34.487Z" },
]
