version = 1
revision = 3
requires-python = ">=3.11"

[[package]]
name = "clang-format"
version = "22.1.5"
source = { registry = "https://pypi.org/simple" }
wheels = [
    { url = "https://files.pythonhosted.org/packages/6f/f4/eef03a87fe65a666bf8a1d9cf804addd5cd26eb225d4e270f22c20d832b0/clang_format-22.1.5-py2.py3-none-macosx_10_9_x86_64.whl", hash = "sha256:a73a500dcabdac1ebc993b99f77fe61de967c7ab9c26d12d664f02def31f0464", size = 1492641, upload-time = "2026-05-06T13:11:49.939Z" },
    { url = "https://files.pythonhosted.org/packages/0f/d8/e5cfbfd7f0d29c167dda2d014bd76ee3c4169000958948c73dd270c995c4/clang_format-22.1.5-py2.py3-none-macosx_11_0_arm64.whl", hash = "sha256:47e73563e6c55b47d6800bcc52e53e66c73b1d801f775b118dcc7aab8410c36f", size = 1478953, upload-time = "2026-05-06T13:11:52.282Z" },
    { url = "https://files.pythonhosted.org/packages/d9/d5/077d5bbea3d07c494705dc0960e58150651eeb024d9f837ea3350505b1a9/clang_format-22.1.5-py2.py3-none-manylinux_2_26_aarch64.manylinux_2_28_aarch64.whl", hash = "sha256:2db8b07d54f2b9583327715267b8ae5e9852e8da23b49c1bf8dde19067ce6fbc", size = 1757816, upload-time = "2026-05-06T13:11:54.468Z" },
    { url = "https://files.pythonhosted.org/packages/ca/95/25636844c2255fa40d1e6a691c483a9c8804f0ce6903eb790f8e4d95dfa6/clang_format-22.1.5-py2.py3-none-manylinux_2_26_i686.manylinux_2_28_i686.whl", hash = "sha256:7a93aad78b03f190d8a73e5e81d6942bc0e4f449add21e62c7fad1be2cdfec03", size = 1888629, upload-time = "2026-05-06T13:11:56.31Z" },
    { url = "https://files.pythonhosted.org/packages/6f/59/8b9a1f6f4197292577dae8ff9f94c5900622c0e0a395a46cb2278e4d813a/clang_format-22.1.5-py2.py3-none-manylinux_2_26_ppc64le.manylinux_2_28_ppc64le.whl", hash = "sha256:b40d0d264003c831cda317d09db31f0ebbcddd5dc13f04af52be5664d2b8aa89", size = 2070260, upload-time = "2026-05-06T13:11:58.243Z" },
    { url = "https://files.pythonhosted.org/packages/f1/a8/f33290829eb73e1baece6d46a55d19a3d286ddee559a1955add639ceb731/clang_format-22.1.5-py2.py3-none-manylinux_2_26_s390x.manylinux_2_28_s390x.whl", hash = "sha256:a89ec86dd33f367b4e10dc1f243508709deed8576bb75a7b01c1412de47504df", size = 2101891, upload-time = "2026-05-06T13:12:00.131Z" },
    { url = "https://files.pythonhosted.org/packages/39/5e/bf1ea7a20ec3ffecda7eff98ad0f1621255e244e0f888d011a2106a04318/clang_format-22.1.5-py2.py3-none-manylinux_2_27_x86_64.manylinux_2_28_x86_64.whl", hash = "sha256:451efcd0738908b2bd4d76409b52920ef381e045eb6728f9286d2ae5f02f3ef2", size = 1841172, upload-time = "2026-05-06T13:12:02.03Z" },
    { url = "https://files.pythonhosted.org/packages/b5/5f/853664a3d7599a682b2c89cc76606b818c5c56c7741251a42004e3e76104/clang_format-22.1.5-py2.py3-none-manylinux_2_31_armv7l.whl", hash = "sha256:39af8c0b77fb05d1dc7073ee9e348d81a965a0b96c0307d07cd92bbd74c611c7", size = 1684799, upload-time = "2026-05-06T13:12:03.6Z" },
]

[[package]]
name = "clang-tidy"
version = "22.1.0.1"
source = { registry = "https://pypi.org/simple" }
sdist = { url = "https://files.pythonhosted.org/packages/49/10/40a7328ed7903ee52d2f23ba033fb1147b1ed2f5ccbdef893d44d639aac8/clang_tidy-22.1.0.1.tar.gz", hash = "sha256:acc00c84a8f4d17d6c07697551fae9ed549f41dd54433d842f830e1e0d15e64e", size = 11359, upload-time = "2026-03-30T09:22:22.681Z" }
wheels = [
    { url = "https://files.pythonhosted.org/packages/be/f2/3c3614a4004c4d12b5310648ba13e19342b38c32d919569f6523a136f422/clang_tidy-22.1.0.1-py2.py3-none-macosx_10_9_x86_64.whl", hash = "sha256:b84ce0e74c9d2ce486c48b2362f7a94135435deb77e88a3a162bc7dbd8a29c32", size = 30220748, upload-time = "2026-03-30T09:21:37.841Z" },
    { url = "https://files.pythonhosted.org/packages/c3/ff/a8f501f2a9dc65e698b914c65a90a4235fe08d4159ecf88036f39a3e6d66/clang_tidy-22.1.0.1-py2.py3-none-macosx_11_0_arm64.whl", hash = "sha256:6449aa689ecca34bf12159194fa82d0fe90a2766398065b00cf8743c4176bd20", size = 29312847, upload-time = "2026-03-30T09:21:41.454Z" },
    { url = "https://files.pythonhosted.org/packages/88/91/0d0d7fcc11c8d26207f4d9628032a6fc5f93c365c78a3f2224e291cfe5c6/clang_tidy-22.1.0.1-py2.py3-none-manylinux_2_26_aarch64.manylinux_2_28_aarch64.whl", hash = "sha256:f6c9fd547af8cd78961ccc42bdf4ebfa8e8ee1a7091ab1ea18f8756ac974082d", size = 40361601, upload-time = "2026-03-30T09:21:45.181Z" },
    { url = "https://files.pythonhosted.org/packages/5b/03/5019fb4b675d06058149b551133598d52b16d63799a2616bc4c11d15653f/clang_tidy-22.1.0.1-py2.py3-none-manylinux_2_27_x86_64.manylinux_2_28_x86_64.whl", hash = "sha256:147f65292ef4bc27642bc4fe7330c47ff2eb7687eedf29ce2600b202f8cd54b6", size = 42210672, upload-time = "2026-03-30T09:21:49.579Z" },
    { url = "https://files.pythonhosted.org/packages/87/18/1363b03517a6bd6dd931bba1206f2a0e7c9ac1c20877a9ac14e57e70da14/clang_tidy-22.1.0.1-py2.py3-none-manylinux_2_28_i686.whl", hash = "sha256:0ed693762a926668460bb757dfee1a3bb66645641041f5f5d0f65c3b8720f7c0", size = 47699477, upload-time = "2026-03-30T09:21:54.081Z" },
    { url = "https://files.pythonhosted.org/packages/3d/44/bff82b4e2163b7786db6af2074ed86bee9f840ff09c761d82a31afdb5ad6/clang_tidy-22.1.0.1-py2.py3-none-manylinux_2_31_armv7l.whl", hash = "sha256:d947a8f7419e56704b895343c385fc201a063e43c2f042f859ee1088987b78d9", size = 38806108, upload-time = "2026-03-30T09:21:58.465Z" },
    { url = "https://files.pythonhosted.org/packages/6b/56/6e912f4f960ead713338b777b1b680021f90ebdd04956354244569a059a9/clang_tidy-22.1.0.1-py2.py3-none-musllinux_1_2_armv7l.whl", hash = "sha256:f596bbb6295ac787f351825b36a7117762a1d82cc0bcdff25623580b7d90145b", size = 39643741, upload-time = "2026-03-30T09:22:02.799Z" },
    { url = "https://files.pythonhosted.org/packages/8e/b0/3e4c6f727b6c948d7a34afd8f974b27788aaeba22a1adc9b1bedb5129028/clang_tidy-22.1.0.1-py2.py3-none-musllinux_1_2_i686.whl", hash = "sha256:87966492e4b045961a35a65b1e8efe2e4e41bda3226860a00b3b15bd58d2b743", size = 49881724, upload-time = "2026-03-30T09:22:07.487Z" },
    { url = "https://files.pythonhosted.org/packages/99/42/d4dd4ea3d2ba9fe67aea759baea9af1ef8a0ad3879ed6dc82a073df14e3b/clang_tidy-22.1.0.1-py2.py3-none-musllinux_1_2_x86_64.whl", hash = "sha256:bac1ab448c68022d599fba92962425c87c10f2006da45f996ce8e5cc8c51401e", size = 44841619, upload-time = "2026-03-30T09:22:12.809Z" },
    { url = "https://files.pythonhosted.org/packages/e6/97/828cbb65ea46ee6a17c6869bcf91a1aa012eef1bfedbb554526868ab13c8/clang_tidy-22.1.0.1-py2.py3-none-win32.whl", hash = "sha256:9a7b3ff81098fdd9ee484f6bc861599c40b138670ebc57778afc7a8c6891d713", size = 22235387, upload-time = "2026-03-30T09:22:16.386Z" },
    { url = "https://files.pythonhosted.org/packages/f6/5b/b5e5a286ff06111158f769892c56bf811806bd4d4d5aba93960b9c835e31/clang_tidy-22.1.0.1-py2.py3-none-win_amd64.whl", hash = "sha256:e9f1e762afe3f5f3511ca7f50132d4d6d5c58a3f6760089ed45d2b3506cf7d07", size = 25140458, upload-time = "2026-03-30T09:22:20.31Z" },
]

[[package]]
name = "games-esphome"
version = "0.1.0"
source = { virtual = "." }

[package.dev-dependencies]
dev = [
    { name = "clang-format" },
    { name = "clang-tidy" },
    { name = "ruff" },
]

[package.metadata]

[package.metadata.requires-dev]
dev = [
    { name = "clang-format", specifier = ">=22.1.5" },
    { name = "clang-tidy", specifier = ">=22.1.0.1" },
    { name = "ruff", specifier = ">=0.15.12" },
]

[[package]]
name = "ruff"
version = "0.15.12"
source = { registry = "https://pypi.org/simple" }
sdist = { url = "https://files.pythonhosted.org/packages/99/43/3291f1cc9106f4c63bdce7a8d0df5047fe8422a75b091c16b5e9355e0b11/ruff-0.15.12.tar.gz", hash = "sha256:ecea26adb26b4232c0c2ca19ccbc0083a68344180bba2a600605538ce51a40a6", size = 4643852, upload-time = "2026-04-24T18:17:14.305Z" }
wheels = [
    { url = "https://files.pythonhosted.org/packages/c3/6e/e78ffb61d4686f3d96ba3df2c801161843746dcbcbb17a1e927d4829312b/ruff-0.15.12-py3-none-linux_armv6l.whl", hash = "sha256:f86f176e188e94d6bdbc09f09bfd9dc729059ad93d0e7390b5a73efe19f8861c", size = 10640713, upload-time = "2026-04-24T18:17:22.841Z" },
    { url = "https://files.pythonhosted.org/packages/ae/08/a317bc231fb9e7b93e4ef3089501e51922ff88d6936ce5cf870c4fe55419/ruff-0.15.12-py3-none-macosx_10_12_x86_64.whl", hash = "sha256:e3bcd123364c3770b8e1b7baaf343cc99a35f197c5c6e8af79015c666c423a6c", size = 11069267, upload-time = "2026-04-24T18:17:30.105Z" },
    { url = "https://files.pythonhosted.org/packages/aa/a4/f828e9718d3dce1f5f11c39c4f65afd32783c8b2aebb2e3d259e492c47bd/ruff-0.15.12-py3-none-macosx_11_0_arm64.whl", hash = "sha256:fe87510d000220aa1ed530d4448a7c696a0cae1213e5ec30e5874287b66557b5", size = 10397182, upload-time = "2026-04-24T18:17:07.177Z" },
    { url = "https://files.pythonhosted.org/packages/71/e0/3310fc6d1b5e1fdea22bf3b1b807c7e187b581021b0d7d4514cccdb5fb71/ruff-0.15.12-py3-none-manylinux_2_17_aarch64.manylinux2014_aarch64.whl", hash = "sha256:84a1630093121375a3e2a95b4a6dc7b59e2b4ee76216e32d81aae550a832d002", size = 10758012, upload-time = "2026-04-24T18:16:55.759Z" },
    { url = "https://files.pythonhosted.org/packages/11/c1/a606911aee04c324ddaa883ae418f3569792fd3c4a10c50e0dd0a2311e1e/ruff-0.15.12-py3-none-manylinux_2_17_armv7l.manylinux2014_armv7l.whl", hash = "sha256:fb129f40f114f089ebe0ca56c0d251cf2061b17651d464bb6478dc01e69f11f5", size = 10447479, upload-time = "2026-04-24T18:16:51.677Z" },
    { url = "https://files.pythonhosted.org/packages/9d/68/4201e8444f0894f21ab4aeeaee68aa4f10b51613514a20d80bd628d57e88/ruff-0.15.12-py3-none-manylinux_2_17_i686.manylinux2014_i686.whl", hash = "sha256:b0c862b172d695db7598426b8af465e7e9ac00a3ea2a3630ee67eb82e366aaa6", size = 11234040, upload-time = "2026-04-24T18:17:16.529Z" },
    { url = "https://files.pythonhosted.org/packages/34/ff/8a6d6cf4ccc23fd67060874e832c18919d1557a0611ebef03fdb01fff11e/ruff-0.15.12-py3-none-manylinux_2_17_ppc64le.manylinux2014_ppc64le.whl", hash = "sha256:2849ea9f3484c3aca43a82f484210370319e7170df4dfe4843395ddf6c57bc33", size = 12087377, upload-time = "2026-04-24T18:17:04.944Z" },
    { url = "https://files.pythonhosted.org/packages/85/f6/c669cf73f5152f623d34e69866a46d5e6185816b19fcd5b6dd8a2d299922/ruff-0.15.12-py3-none-manylinux_2_17_s390x.manylinux2014_s390x.whl", hash = "sha256:9e77c7e51c07fe396826d5969a5b846d9cd4c402535835fb6e21ce8b28fef847", size = 11367784, upload-time = "2026-04-24T18:17:25.409Z" },
    { url = "https://files.pythonhosted.org/packages/e8/39/c61d193b8a1daaa8977f7dea9e8d8ba866e02ea7b65d32f6861693aa4c12/ruff-0.15.12-py3-none-manylinux_2_17_x86_64.manylinux2014_x86_64.whl", hash = "sha256:83b2f4f2f3b1026b5fb449b467d9264bf22067b600f7b6f41fc5958909f449d0", size = 11344088, upload-time = "2026-04-24T18:17:12.258Z" },
    { url = "https://files.pythonhosted.org/packages/c2/8d/49afab3645e31e12c590acb6d3b5b69d7aab5b81926dbaf7461f9441f37a/ruff-0.15.12-py3-none-manylinux_2_31_riscv64.whl", hash = "sha256:9ba3b8f1afd7e2e43d8943e55f249e13f9682fde09711644a6e7290eb4f3e339", size = 11271770, upload-time = "2026-04-24T18:17:02.457Z" },
    { url = "https://files.pythonhosted.org/packages/46/06/33f41fe94403e2b755481cdfb9b7ef3e4e0ed031c4581124658d935d52b4/ruff-0.15.12-py3-none-musllinux_1_2_aarch64.whl", hash = "sha256:e852ba9fdc890655e1d78f2df1499efbe0e54126bd405362154a75e2bde159c5", size = 10719355, upload-time = "2026-04-24T18:17:27.648Z" },
    { url = "https://files.pythonhosted.org/packages/0d/59/18aa4e014debbf559670e4048e39260a85c7fcee84acfd761ac01e7b8d35/ruff-0.15.12-py3-none-musllinux_1_2_armv7l.whl", hash = "sha256:dd8aed930da53780d22fc70bdf84452c843cf64f8cb4eb38984319c24c5cd5fd", size = 10462758, upload-time = "2026-04-24T18:17:32.347Z" },
    { url = "https://files.pythonhosted.org/packages/25/e7/cc9f16fd0f3b5fddcbd7ec3d6ae30c8f3fde1047f32a4093a98d633c6570/ruff-0.15.12-py3-none-musllinux_1_2_i686.whl", hash = "sha256:01da3988d225628b709493d7dc67c3b9b12c0210016b08690ef9bd27970b262b", size = 10953498, upload-time = "2026-04-24T18:17:20.674Z" },
    { url = "https://files.pythonhosted.org/packages/72/7a/a9ba7f98c7a575978698f4230c5e8cc54bbc761af34f560818f933dafa0c/ruff-0.15.12-py3-none-musllinux_1_2_x86_64.whl", hash = "sha256:9cae0f92bd5700d1213188b31cd3bdd2b315361296d10b96b8e2337d3d11f53e", size = 11447765, upload-time = "2026-04-24T18:17:09.755Z" },
    { url = "https://files.pythonhosted.org/packages/ea/f9/0ae446942c846b8266059ad8a30702a35afae55f5cdc54c5adf8d7afdc27/ruff-0.15.12-py3-none-win32.whl", hash = "sha256:d0185894e038d7043ba8fd6aee7499ece6462dc0ea9f1e260c7451807c714c20", size = 10657277, upload-time = "2026-04-24T18:17:18.591Z" },
    { url = "https://files.pythonhosted.org/packages/33/f1/9614e03e1cdcbf9437570b5400ced8a720b5db22b28d8e0f1bda429f660d/ruff-0.15.12-py3-none-win_amd64.whl", hash = "sha256:c87a162d61ab3adca47c03f7f717c68672edec7d1b5499e652331780fe74950d", size = 11837758, upload-time = "2026-04-24T18:17:00.113Z" },
    { url = "https://files.pythonhosted.org/packages/c0/98/6beb4b351e472e5f4c4613f7c35a5290b8be2497e183825310c4c3a3984b/ruff-0.15.12-py3-none-win_arm64.whl", hash = "sha256:a538f7a82d061cee7be55542aca1d86d1393d55d81d4fcc314370f4340930d4f", size = 11120821, upload-time = "2026-04-24T18:16:57.979Z" },
]
