version = 1
revision = 3
requires-python = ">=3.11"

[[package]]
name = "clang-format"
version = "21.1.8"
source = { registry = "https://pypi.org/simple" }
sdist = { url = "https://files.pythonhosted.org/packages/29/ed/019e682e9f8a5a5abf4258b293453092ef9524b540ada591ccfdff1246df/clang_format-21.1.8.tar.gz", hash = "sha256:99369fe76526ba6be6d7a8093fee6cd266bbf5ce72597a0d79a4ce9a625b28cf", size = 11509, upload-time = "2025-12-16T20:34:33.065Z" }
wheels = [
    { url = "https://files.pythonhosted.org/packages/17/1d/4b1d85acb99a2ee3bad0b20cc3e82c58fbfb39bf4dd5856ac1f2c4f36e65/clang_format-21.1.8-py2.py3-none-macosx_10_9_x86_64.whl", hash = "sha256:f447091c346027a09728a0a96128fe058419fe06cf200ccc3dc98bcd4399e351", size = 1465604, upload-time = "2025-12-16T20:34:03.955Z" },
    { url = "https://files.pythonhosted.org/packages/84/38/a61466227a8a6bf22c583f7bd810e75c9a356cfc63c6a712a201103a4ad3/clang_format-21.1.8-py2.py3-none-macosx_11_0_arm64.whl", hash = "sha256:9a78fabba6b382866819b42a7b220d235a3baf6128a40fb7bd590c037f69879b", size = 1459014, upload-time = "2025-12-16T20:34:05.929Z" },
    { url = "https://files.pythonhosted.org/packages/ab/5d/6720c895c5cfc01831fac55ecf849f10d03d6222700909af14f6047c933b/clang_format-21.1.8-py2.py3-none-manylinux_2_26_aarch64.manylinux_2_28_aarch64.whl", hash = "sha256:c2a044953efab5f7d0261f3a76aabc01358592faac1b73af38d8c83db6e91a69", size = 1725482, upload-time = "2025-12-16T20:34:07.525Z" },
    { url = "https://files.pythonhosted.org/packages/54/0d/074b940884ced1b5c93e2e7fc8a941673519a938e7f31aeade321e3ab094/clang_format-21.1.8-py2.py3-none-manylinux_2_26_i686.manylinux_2_28_i686.whl", hash = "sha256:143d2dffa71058d05ac5ad71321682e23d638bce22c8f2e3d01ed457d841a5f3", size = 1856680, upload-time = "2025-12-16T20:34:09.987Z" },
    { url = "https://files.pythonhosted.org/packages/34/d5/46e22ae8c4385a7836db7403ced63ea8056c971cbb806bf0c6f0d2133acc/clang_format-21.1.8-py2.py3-none-manylinux_2_26_ppc64le.manylinux_2_28_ppc64le.whl", hash = "sha256:6a4b61a743dad5afc5e60be0c5c8f162f6cf27fff9eed56ec0bf65c2bcbd8a8d", size = 2031282, upload-time = "2025-12-16T20:34:11.565Z" },
    { url = "https://files.pythonhosted.org/packages/e0/2a/cad75567c312d945cc26aaee7e1b7135703fed9c7e7ad15c427bf6ad7a84/clang_format-21.1.8-py2.py3-none-manylinux_2_26_s390x.manylinux_2_28_s390x.whl", hash = "sha256:94de66c5eeca1270825348687d384750d91f1d8d12216b2df0aea892859be33a", size = 2047763, upload-time = "2025-12-16T20:34:13.175Z" },
    { url = "https://files.pythonhosted.org/packages/a8/c2/403e7371b1ab0f6175d708ecc93cf18085ea9f903e8fe7d17c43df698f06/clang_format-21.1.8-py2.py3-none-manylinux_2_27_x86_64.manylinux_2_28_x86_64.whl", hash = "sha256:d12b864b596b80810cdd7f97556c485dc09cfe2952503958535f01359e025fbb", size = 1804755, upload-time = "2025-12-16T20:34:14.813Z" },
    { url = "https://files.pythonhosted.org/packages/76/33/9e7db5fc4abefb25022d266957f666bfc263ae3e51abdd2c997d2880ceee/clang_format-21.1.8-py2.py3-none-manylinux_2_31_armv7l.whl", hash = "sha256:b81f1e909f5e7ef862a7818dc22b302a3ff407f3534e3395aa7ba26746cc890e", size = 1643208, upload-time = "2025-12-16T20:34:16.898Z" },
    { url = "https://files.pythonhosted.org/packages/aa/9f/43f4e384cb8943418f94943f682835f375f15b9cc64c526d73a7360f2b2f/clang_format-21.1.8-py2.py3-none-musllinux_1_2_aarch64.whl", hash = "sha256:e10a5dca18a04997ad55c082bc0759edc7e337b24a2373ded109634fde12662a", size = 2701696, upload-time = "2025-12-16T20:34:19.043Z" },
    { url = "https://files.pythonhosted.org/packages/5d/6a/378187d72a465cebd3dbf7cd455e33b4931daa33e815b7865e6e65591a72/clang_format-21.1.8-py2.py3-none-musllinux_1_2_armv7l.whl", hash = "sha256:10f7d7004d70b5e03fd3f764fc19fae89cd38d68b3482162cb09cac47c12c7b0", size = 2481266, upload-time = "2025-12-16T20:34:20.336Z" },
    { url = "https://files.pythonhosted.org/packages/99/eb/2332edb1846d6832932191a590203a53ec69f585e718b51796335a1dcb6e/clang_format-21.1.8-py2.py3-none-musllinux_1_2_i686.whl", hash = "sha256:303d5fd53090422119136b1a458e98db429dedd5db0add50e70f885f8c95d82a", size = 2954000, upload-time = "2025-12-16T20:34:21.739Z" },
    { url = "https://files.pythonhosted.org/packages/7b/b5/eed5c95521b77d3cde024c3a23c7a80c46e78aa5b5a81c5cf935e7267588/clang_format-21.1.8-py2.py3-none-musllinux_1_2_ppc64le.whl", hash = "sha256:6b9e0b45cfaf4a18336a6db4666dd6a6aae840e38b038e6d568a65f43ade007c", size = 3076720, upload-time = "2025-12-16T20:34:23.139Z" },
    { url = "https://files.pythonhosted.org/packages/14/55/7527fbe31423a1bb53653c2a2b20aa34a73ec33b99199bceaec0f5907295/clang_format-21.1.8-py2.py3-none-musllinux_1_2_s390x.whl", hash = "sha256:4dd0fee9eaee9915ba7fa08e60ee9ddfba1f754d10d71164482d9eb387c431f0", size = 3160892, upload-time = "2025-12-16T20:34:24.618Z" },
    { url = "https://files.pythonhosted.org/packages/53/61/1623382bc78ef139c196473a5c76b840a071c9002cb5cd2694ac50327db9/clang_format-21.1.8-py2.py3-none-musllinux_1_2_x86_64.whl", hash = "sha256:9731aecf954651004f184347d0c589d4e91a39ccda21262ee17c60f80a4408b2", size = 2812487, upload-time = "2025-12-16T20:34:26.505Z" },
    { url = "https://files.pythonhosted.org/packages/53/e1/74f2000d44e4904472e5685afb98d19566c515026214733f02bbdc73d6d8/clang_format-21.1.8-py2.py3-none-win32.whl", hash = "sha256:2f5883ca83f718d8c2272e98b3cbda422fec520824b5a1e335c631dc6d812da7", size = 1271310, upload-time = "2025-12-16T20:34:28.179Z" },
    { url = "https://files.pythonhosted.org/packages/69/7a/c49c8af9135c6a6dfb9cd103328ba7b6551643dce71b57e58ea940884015/clang_format-21.1.8-py2.py3-none-win_amd64.whl", hash = "sha256:a7606da55e31ebf5b63dd75800392e6cca7c595a74100c2cebcda2d742130732", size = 1426467, upload-time = "2025-12-16T20:34:29.805Z" },
    { url = "https://files.pythonhosted.org/packages/ad/d3/8790b539afb6cb0d4474705d3750e78a1f0847ab6d3ef1b00dd1ae52f364/clang_format-21.1.8-py2.py3-none-win_arm64.whl", hash = "sha256:1aa10b3f647268361d08bf4f17ce70964b8d9c04d5539e7d8acbebd14dc4a49c", size = 1327254, upload-time = "2025-12-16T20:34:31.579Z" },
]

[[package]]
name = "clang-tidy"
version = "21.1.6"
source = { registry = "https://pypi.org/simple" }
sdist = { url = "https://files.pythonhosted.org/packages/ff/33/f73d03d3ae88481433d95d4f142f4774715f44443f81affd10c483ab5454/clang_tidy-21.1.6.tar.gz", hash = "sha256:0e0951d18e7e50acdcdb6b5c34e589edb354e01c2825c0d27793a15ac60b38da", size = 11316, upload-time = "2025-11-24T15:39:51.502Z" }
wheels = [
    { url = "https://files.pythonhosted.org/packages/73/59/cef36a88d30ed6dfc7237b3a9fa7de062726b4f30aeacf3e0e0316eee41e/clang_tidy-21.1.6-py2.py3-none-macosx_10_9_x86_64.whl", hash = "sha256:372f20267e67f41b758b0c2009e4607f1b53fbee40092e76da3121491d439985", size = 28607989, upload-time = "2025-11-24T15:39:20.364Z" },
    { url = "https://files.pythonhosted.org/packages/ca/ad/cd1f262bd51376920af406cc3721416f7c303d7eec0ae39218d1a6aa9b45/clang_tidy-21.1.6-py2.py3-none-macosx_11_0_arm64.whl", hash = "sha256:12634548feceb2bce89b65d94550f1b92359ebc19c35cf72b93855cd18845ef9", size = 27718166, upload-time = "2025-11-24T15:39:22.971Z" },
    { url = "https://files.pythonhosted.org/packages/07/9d/3c27e9059b24d1089426bdf5b7b843393d982a1805e4f58e586989722e71/clang_tidy-21.1.6-py2.py3-none-manylinux2014_i686.manylinux_2_17_i686.whl", hash = "sha256:3569e0ec58f89a1e5f338a02b64e1feb5f6a48b599e4abb411038b2a225edc19", size = 45138884, upload-time = "2025-11-24T15:39:26.142Z" },
    { url = "https://files.pythonhosted.org/packages/e0/88/494022a892bd121f01c55d32e754867a8d6bbe7640975389be5792a55636/clang_tidy-21.1.6-py2.py3-none-manylinux_2_27_aarch64.manylinux_2_28_aarch64.whl", hash = "sha256:d954cc13d87aa6ba847eac4d26bec019024c54c2968389444eed6d4201ec45e6", size = 38598066, upload-time = "2025-11-24T15:39:28.895Z" },
    { url = "https://files.pythonhosted.org/packages/cf/fc/f0a2ba49f142e019117e9d9d6c1b49bde410ec0139cc9392ccae1be4ff3e/clang_tidy-21.1.6-py2.py3-none-manylinux_2_27_x86_64.manylinux_2_28_x86_64.whl", hash = "sha256:685e549e80461afb0f0c420ecfd0427e8bf38b927e989bdfee49dab4a9794cd1", size = 40427492, upload-time = "2025-11-24T15:39:31.944Z" },
    { url = "https://files.pythonhosted.org/packages/04/38/c03a3b792e4463e94c74bded37f49545639bfaae713a196bab0ac500fb8d/clang_tidy-21.1.6-py2.py3-none-manylinux_2_31_armv7l.whl", hash = "sha256:9ba32f74038e322e16f7c29f8d241b5eff5433bd9a32d2ca87ee59c96d9f0802", size = 37240012, upload-time = "2025-11-24T15:39:34.545Z" },
    { url = "https://files.pythonhosted.org/packages/81/67/ad4b952562d2a7910b1d95b5785c150c46b60f951c3fcc60d657bdf759b4/clang_tidy-21.1.6-py2.py3-none-musllinux_1_2_armv7l.whl", hash = "sha256:413d5b55596a04a409387b84e76ed2409c48c0deab61adaaf623e2f3e419eaed", size = 38066639, upload-time = "2025-11-24T15:39:37.058Z" },
    { url = "https://files.pythonhosted.org/packages/25/64/015477c9f9d76c45d7658ea6027575d14184e05c3c256231a0cbc7a39cca/clang_tidy-21.1.6-py2.py3-none-musllinux_1_2_i686.whl", hash = "sha256:7a1358d99f7aa9863c7c3a7efce4fbfd85b03bc1ea50fbbbe3a8ff5b0ea038f2", size = 48022073, upload-time = "2025-11-24T15:39:39.77Z" },
    { url = "https://files.pythonhosted.org/packages/79/30/cf31c02ee8dc93886b8487d41b60237c6f9e6a0b579bea7dda7a543f9d31/clang_tidy-21.1.6-py2.py3-none-musllinux_1_2_x86_64.whl", hash = "sha256:3376e988ab33331368bda9a4f541763adfa5906dc529478b9be75565254868f8", size = 42995095, upload-time = "2025-11-24T15:39:43.191Z" },
    { url = "https://files.pythonhosted.org/packages/26/eb/2d9acbdfa37c2a8289f59fe26c7d5646f2b91ed400a75cac1516d046e1fd/clang_tidy-21.1.6-py2.py3-none-win32.whl", hash = "sha256:5fa919601bbe70e31fdabfee84dbf1ca66c22c01def36b877eac5fdb7f16bf44", size = 21022203, upload-time = "2025-11-24T15:39:45.67Z" },
    { url = "https://files.pythonhosted.org/packages/4b/ed/26fbf1a0847ccd424f5a270d851b3b726e17d7eaebefbf58fff8191bdf81/clang_tidy-21.1.6-py2.py3-none-win_amd64.whl", hash = "sha256:8f29fbc3e8aa0552810dd0e3e69f3158f8dbf0edb425e0437798e9db9d0a28a6", size = 23797590, upload-time = "2025-11-24T15:39:48.269Z" },
]

[[package]]
name = "games-esphome"
version = "0.1.0"
source = { virtual = "." }

[package.dev-dependencies]
dev = [
    { name = "clang-format" },
    { name = "clang-tidy" },
    { name = "ruff" },
]

[package.metadata]

[package.metadata.requires-dev]
dev = [
    { name = "clang-format", specifier = ">=19.0.0" },
    { name = "clang-tidy", specifier = ">=19.0.0" },
    { name = "ruff", specifier = ">=0.8.0" },
]

[[package]]
name = "ruff"
version = "0.14.10"
source = { registry = "https://pypi.org/simple" }
sdist = { url = "https://files.pythonhosted.org/packages/57/08/52232a877978dd8f9cf2aeddce3e611b40a63287dfca29b6b8da791f5e8d/ruff-0.14.10.tar.gz", hash = "sha256:9a2e830f075d1a42cd28420d7809ace390832a490ed0966fe373ba288e77aaf4", size = 5859763, upload-time = "2025-12-18T19:28:57.98Z" }
wheels = [
    { url = "https://files.pythonhosted.org/packages/60/01/933704d69f3f05ee16ef11406b78881733c186fe14b6a46b05cfcaf6d3b2/ruff-0.14.10-py3-none-linux_armv6l.whl", hash = "sha256:7a3ce585f2ade3e1f29ec1b92df13e3da262178df8c8bdf876f48fa0e8316c49", size = 13527080, upload-time = "2025-12-18T19:29:25.642Z" },
    { url = "https://files.pythonhosted.org/packages/df/58/a0349197a7dfa603ffb7f5b0470391efa79ddc327c1e29c4851e85b09cc5/ruff-0.14.10-py3-none-macosx_10_12_x86_64.whl", hash = "sha256:674f9be9372907f7257c51f1d4fc902cb7cf014b9980152b802794317941f08f", size = 13797320, upload-time = "2025-12-18T19:29:02.571Z" },
    { url = "https://files.pythonhosted.org/packages/7b/82/36be59f00a6082e38c23536df4e71cdbc6af8d7c707eade97fcad5c98235/ruff-0.14.10-py3-none-macosx_11_0_arm64.whl", hash = "sha256:d85713d522348837ef9df8efca33ccb8bd6fcfc86a2cde3ccb4bc9d28a18003d", size = 12918434, upload-time = "2025-12-18T19:28:51.202Z" },
    { url = "https://files.pythonhosted.org/packages/a6/00/45c62a7f7e34da92a25804f813ebe05c88aa9e0c25e5cb5a7d23dd7450e3/ruff-0.14.10-py3-none-manylinux_2_17_aarch64.manylinux2014_aarch64.whl", hash = "sha256:6987ebe0501ae4f4308d7d24e2d0fe3d7a98430f5adfd0f1fead050a740a3a77", size = 13371961, upload-time = "2025-12-18T19:29:04.991Z" },
    { url = "https://files.pythonhosted.org/packages/40/31/a5906d60f0405f7e57045a70f2d57084a93ca7425f22e1d66904769d1628/ruff-0.14.10-py3-none-manylinux_2_17_armv7l.manylinux2014_armv7l.whl", hash = "sha256:16a01dfb7b9e4eee556fbfd5392806b1b8550c9b4a9f6acd3dbe6812b193c70a", size = 13275629, upload-time = "2025-12-18T19:29:21.381Z" },
    { url = "https://files.pythonhosted.org/packages/3e/60/61c0087df21894cf9d928dc04bcd4fb10e8b2e8dca7b1a276ba2155b2002/ruff-0.14.10-py3-none-manylinux_2_17_i686.manylinux2014_i686.whl", hash = "sha256:7165d31a925b7a294465fa81be8c12a0e9b60fb02bf177e79067c867e71f8b1f", size = 14029234, upload-time = "2025-12-18T19:29:00.132Z" },
    { url = "https://files.pythonhosted.org/packages/44/84/77d911bee3b92348b6e5dab5a0c898d87084ea03ac5dc708f46d88407def/ruff-0.14.10-py3-none-manylinux_2_17_ppc64.manylinux2014_ppc64.whl", hash = "sha256:c561695675b972effb0c0a45db233f2c816ff3da8dcfbe7dfc7eed625f218935", size = 15449890, upload-time = "2025-12-18T19:28:53.573Z" },
    { url = "https://files.pythonhosted.org/packages/e9/36/480206eaefa24a7ec321582dda580443a8f0671fdbf6b1c80e9c3e93a16a/ruff-0.14.10-py3-none-manylinux_2_17_ppc64le.manylinux2014_ppc64le.whl", hash = "sha256:4bb98fcbbc61725968893682fd4df8966a34611239c9fd07a1f6a07e7103d08e", size = 15123172, upload-time = "2025-12-18T19:29:23.453Z" },
    { url = "https://files.pythonhosted.org/packages/5c/38/68e414156015ba80cef5473d57919d27dfb62ec804b96180bafdeaf0e090/ruff-0.14.10-py3-none-manylinux_2_17_s390x.manylinux2014_s390x.whl", hash = "sha256:f24b47993a9d8cb858429e97bdf8544c78029f09b520af615c1d261bf827001d", size = 14460260, upload-time = "2025-12-18T19:29:27.808Z" },
    { url = "https://files.pythonhosted.org/packages/b3/19/9e050c0dca8aba824d67cc0db69fb459c28d8cd3f6855b1405b3f29cc91d/ruff-0.14.10-py3-none-manylinux_2_17_x86_64.manylinux2014_x86_64.whl", hash = "sha256:59aabd2e2c4fd614d2862e7939c34a532c04f1084476d6833dddef4afab87e9f", size = 14229978, upload-time = "2025-12-18T19:29:11.32Z" },
    { url = "https://files.pythonhosted.org/packages/51/eb/e8dd1dd6e05b9e695aa9dd420f4577debdd0f87a5ff2fedda33c09e9be8c/ruff-0.14.10-py3-none-manylinux_2_31_riscv64.whl", hash = "sha256:213db2b2e44be8625002dbea33bb9c60c66ea2c07c084a00d55732689d697a7f", size = 14338036, upload-time = "2025-12-18T19:29:09.184Z" },
    { url = "https://files.pythonhosted.org/packages/6a/12/f3e3a505db7c19303b70af370d137795fcfec136d670d5de5391e295c134/ruff-0.14.10-py3-none-musllinux_1_2_aarch64.whl", hash = "sha256:b914c40ab64865a17a9a5b67911d14df72346a634527240039eb3bd650e5979d", size = 13264051, upload-time = "2025-12-18T19:29:13.431Z" },
    { url = "https://files.pythonhosted.org/packages/08/64/8c3a47eaccfef8ac20e0484e68e0772013eb85802f8a9f7603ca751eb166/ruff-0.14.10-py3-none-musllinux_1_2_armv7l.whl", hash = "sha256:1484983559f026788e3a5c07c81ef7d1e97c1c78ed03041a18f75df104c45405", size = 13283998, upload-time = "2025-12-18T19:29:06.994Z" },
    { url = "https://files.pythonhosted.org/packages/12/84/534a5506f4074e5cc0529e5cd96cfc01bb480e460c7edf5af70d2bcae55e/ruff-0.14.10-py3-none-musllinux_1_2_i686.whl", hash = "sha256:c70427132db492d25f982fffc8d6c7535cc2fd2c83fc8888f05caaa248521e60", size = 13601891, upload-time = "2025-12-18T19:28:55.811Z" },
    { url = "https://files.pythonhosted.org/packages/0d/1e/14c916087d8598917dbad9b2921d340f7884824ad6e9c55de948a93b106d/ruff-0.14.10-py3-none-musllinux_1_2_x86_64.whl", hash = "sha256:5bcf45b681e9f1ee6445d317ce1fa9d6cba9a6049542d1c3d5b5958986be8830", size = 14336660, upload-time = "2025-12-18T19:29:16.531Z" },
    { url = "https://files.pythonhosted.org/packages/f2/1c/d7b67ab43f30013b47c12b42d1acd354c195351a3f7a1d67f59e54227ede/ruff-0.14.10-py3-none-win32.whl", hash = "sha256:104c49fc7ab73f3f3a758039adea978869a918f31b73280db175b43a2d9b51d6", size = 13196187, upload-time = "2025-12-18T19:29:19.006Z" },
    { url = "https://files.pythonhosted.org/packages/fb/9c/896c862e13886fae2af961bef3e6312db9ebc6adc2b156fe95e615dee8c1/ruff-0.14.10-py3-none-win_amd64.whl", hash = "sha256:466297bd73638c6bdf06485683e812db1c00c7ac96d4ddd0294a338c62fdc154", size = 14661283, upload-time = "2025-12-18T19:29:30.16Z" },
    { url = "https://files.pythonhosted.org/packages/74/31/b0e29d572670dca3674eeee78e418f20bdf97fa8aa9ea71380885e175ca0/ruff-0.14.10-py3-none-win_arm64.whl", hash = "sha256:e51d046cf6dda98a4633b8a8a771451107413b0f07183b2bef03f075599e44e6", size = 13729839, upload-time = "2025-12-18T19:28:48.636Z" },
]
